
Microsoft Visual Studio Solution File, Format Version 12.00
# Visual Studio Version 16
VisualStudioVersion = 16.0.31005.135
MinimumVisualStudioVersion = 10.0.40219.1
Project("{FAE04EC0-301F-11D3-BF4B-00C04F79EFBC}") = "ChickenChuckEndlessRunner", "ChickenChuckEndlessRunner.csproj", "{9374734C-46F4-4F90-93CB-D2AA4D4DFACB}"
EndProject
Global
	GlobalSection(SolutionConfigurationPlatforms) = preSolution
		Debug|Any CPU = Debug|Any CPU
		Release|Any CPU = Release|Any CPU
	EndGlobalSection
	GlobalSection(ProjectConfigurationPlatforms) = postSolution
		{9374734C-46F4-4F90-93CB-D2AA4D4DFACB}.Debug|Any CPU.ActiveCfg = Debug|Any CPU
		{9374734C-46F4-4F90-93CB-D2AA4D4DFACB}.Debug|Any CPU.Build.0 = Debug|Any CPU
		{9374734C-46F4-4F90-93CB-D2AA4D4DFACB}.Release|Any CPU.ActiveCfg = Release|Any CPU
		{9374734C-46F4-4F90-93CB-D2AA4D4DFACB}.Release|Any CPU.Build.0 = Release|Any CPU
	EndGlobalSection
	GlobalSection(SolutionProperties) = preSolution
		HideSolutionNode = FALSE
	EndGlobalSection
	GlobalSection(ExtensibilityGlobals) = postSolution
		SolutionGuid = {C814ECC5-42B3-4052-BCAF-2B52E3C6CC28}
	EndGlobalSection
EndGlobal
